
Microsoft Visual Studio Solution File, Format Version 12.00
# Visual Studio Version 17
VisualStudioVersion = 17.5.33516.290
MinimumVisualStudioVersion = 10.0.40219.1
Project("{FAE04EC0-301F-11D3-BF4B-00C04F79EFBC}") = "day3", "day3\day3.csproj", "{BEC63E1B-E24F-49B4-B463-DE86A4ABE5BF}"
EndProject
Global
	GlobalSection(SolutionConfigurationPlatforms) = preSolution
		Debug|Any CPU = Debug|Any CPU
		Release|Any CPU = Release|Any CPU
	EndGlobalSection
	GlobalSection(ProjectConfigurationPlatforms) = postSolution
		{BEC63E1B-E24F-49B4-B463-DE86A4ABE5BF}.Debug|Any CPU.ActiveCfg = Debug|Any CPU
		{BEC63E1B-E24F-49B4-B463-DE86A4ABE5BF}.Debug|Any CPU.Build.0 = Debug|Any CPU
		{BEC63E1B-E24F-49B4-B463-DE86A4ABE5BF}.Release|Any CPU.ActiveCfg = Release|Any CPU
		{BEC63E1B-E24F-49B4-B463-DE86A4ABE5BF}.Release|Any CPU.Build.0 = Release|Any CPU
	EndGlobalSection
	GlobalSection(SolutionProperties) = preSolution
		HideSolutionNode = FALSE
	EndGlobalSection
	GlobalSection(ExtensibilityGlobals) = postSolution
		SolutionGuid = {C59A984F-C748-4A7A-AF7C-BB44EDE46E86}
	EndGlobalSection
EndGlobal
